
Microsoft Visual Studio Solution File, Format Version 12.00
# Visual Studio Version 17
VisualStudioVersion = 17.11.35222.181
MinimumVisualStudioVersion = 10.0.40219.1
Project("{FAE04EC0-301F-11D3-BF4B-00C04F79EFBC}") = "Adsite.Web", "Adsite.Web\Adsite.Web.csproj", "{A9D620FF-85A6-407A-826C-F2ED47254751}"
EndProject
Project("{FAE04EC0-301F-11D3-BF4B-00C04F79EFBC}") = "Adsite.Data", "Adsite.Data\Adsite.Data.csproj", "{8CD4A31F-0A7D-4F6A-AFEE-059D42BFABB5}"
EndProject
Global
	GlobalSection(SolutionConfigurationPlatforms) = preSolution
		Debug|Any CPU = Debug|Any CPU
		Release|Any CPU = Release|Any CPU
	EndGlobalSection
	GlobalSection(ProjectConfigurationPlatforms) = postSolution
		{A9D620FF-85A6-407A-826C-F2ED47254751}.Debug|Any CPU.ActiveCfg = Debug|Any CPU
		{A9D620FF-85A6-407A-826C-F2ED47254751}.Debug|Any CPU.Build.0 = Debug|Any CPU
		{A9D620FF-85A6-407A-826C-F2ED47254751}.Release|Any CPU.ActiveCfg = Release|Any CPU
		{A9D620FF-85A6-407A-826C-F2ED47254751}.Release|Any CPU.Build.0 = Release|Any CPU
		{8CD4A31F-0A7D-4F6A-AFEE-059D42BFABB5}.Debug|Any CPU.ActiveCfg = Debug|Any CPU
		{8CD4A31F-0A7D-4F6A-AFEE-059D42BFABB5}.Debug|Any CPU.Build.0 = Debug|Any CPU
		{8CD4A31F-0A7D-4F6A-AFEE-059D42BFABB5}.Release|Any CPU.ActiveCfg = Release|Any CPU
		{8CD4A31F-0A7D-4F6A-AFEE-059D42BFABB5}.Release|Any CPU.Build.0 = Release|Any CPU
	EndGlobalSection
	GlobalSection(SolutionProperties) = preSolution
		HideSolutionNode = FALSE
	EndGlobalSection
	GlobalSection(ExtensibilityGlobals) = postSolution
		SolutionGuid = {403E9473-D64C-46A1-9389-D4D98AC73A59}
	EndGlobalSection
EndGlobal
